
Microsoft Visual Studio Solution File, Format Version 12.00
# Visual Studio 15
Project("{FAE04EC0-301F-11D3-BF4B-00C04F79EFBC}") = "Assembly-CSharp", "Assembly-CSharp.csproj", "{292B1719-A4A2-68FB-F129-2E30ECA11E9F}"
EndProject
Global
	GlobalSection(SolutionConfigurationPlatforms) = preSolution
		Debug|Any CPU = Debug|Any CPU
		Release|Any CPU = Release|Any CPU
	EndGlobalSection
	GlobalSection(ProjectConfigurationPlatforms) = postSolution
		{292B1719-A4A2-68FB-F129-2E30ECA11E9F}.Debug|Any CPU.ActiveCfg = Debug|Any CPU
		{292B1719-A4A2-68FB-F129-2E30ECA11E9F}.Debug|Any CPU.Build.0 = Debug|Any CPU
		{292B1719-A4A2-68FB-F129-2E30ECA11E9F}.Release|Any CPU.ActiveCfg = Release|Any CPU
		{292B1719-A4A2-68FB-F129-2E30ECA11E9F}.Release|Any CPU.Build.0 = Release|Any CPU
	EndGlobalSection
	GlobalSection(SolutionProperties) = preSolution
		HideSolutionNode = FALSE
	EndGlobalSection
EndGlobal
